{
  "name": "miniprogram-2",
  "version": "1.0.0",
  "lockfileVersion": 1,
  "requires": true,
  "dependencies": {
    "weui-miniprogram": {
      "version": "1.0.8",
      "resolved": "https://r.cnpmjs.org/weui-miniprogram/download/weui-miniprogram-1.0.8.tgz",
      "integrity": "sha1-55F8R6XX6VGzBpTZOdCi5eAFsnQ="
    }
  }
}
